
Microsoft Visual Studio Solution File, Format Version 12.00
# Visual Studio Version 16
VisualStudioVersion = 16.0.31019.35
MinimumVisualStudioVersion = 10.0.40219.1
Project("{FAE04EC0-301F-11D3-BF4B-00C04F79EFBC}") = "TestApp", "TestApp\TestApp.csproj", "{7BD05BD7-97B4-4DAD-94B6-32F01901EBD3}"
EndProject
Global
	GlobalSection(SolutionConfigurationPlatforms) = preSolution
		Debug|Any CPU = Debug|Any CPU
		Release|Any CPU = Release|Any CPU
	EndGlobalSection
	GlobalSection(ProjectConfigurationPlatforms) = postSolution
		{7BD05BD7-97B4-4DAD-94B6-32F01901EBD3}.Debug|Any CPU.ActiveCfg = Debug|Any CPU
		{7BD05BD7-97B4-4DAD-94B6-32F01901EBD3}.Debug|Any CPU.Build.0 = Debug|Any CPU
		{7BD05BD7-97B4-4DAD-94B6-32F01901EBD3}.Release|Any CPU.ActiveCfg = Release|Any CPU
		{7BD05BD7-97B4-4DAD-94B6-32F01901EBD3}.Release|Any CPU.Build.0 = Release|Any CPU
	EndGlobalSection
	GlobalSection(SolutionProperties) = preSolution
		HideSolutionNode = FALSE
	EndGlobalSection
	GlobalSection(ExtensibilityGlobals) = postSolution
		SolutionGuid = {F2FA3BD1-26DA-403C-9A18-A7EA3827E0F6}
	EndGlobalSection
EndGlobal
